// !$*UTF8*$!
{
	archiveVersion = 1;
	classes = {
	};
	objectVersion = 48;
	objects = {

/* Begin PBXBuildFile section */
		42475ECF1F6E3C34000BBA2F /* AppDelegate.swift in Sources */ = {isa = PBXBuildFile; fileRef = 42475ECE1F6E3C34000BBA2F /* AppDelegate.swift */; };
		42475ED11F6E3C34000BBA2F /* ViewController.swift in Sources */ = {isa = PBXBuildFile; fileRef = 42475ED01F6E3C34000BBA2F /* ViewController.swift */; };
		42475ED41F6E3C34000BBA2F /* Main.storyboard in Resources */ = {isa = PBXBuildFile; fileRef = 42475ED21F6E3C34000BBA2F /* Main.storyboard */; };
		42475ED71F6E3C34000BBA2F /* Buttons_Test.xcdatamodeld in Sources */ = {isa = PBXBuildFile; fileRef = 42475ED51F6E3C34000BBA2F /* Buttons_Test.xcdatamodeld */; };
		42475ED91F6E3C34000BBA2F /* Assets.xcassets in Resources */ = {isa = PBXBuildFile; fileRef = 42475ED81F6E3C34000BBA2F /* Assets.xcassets */; };
		42475EDC1F6E3C34000BBA2F /* LaunchScreen.storyboard in Resources */ = {isa = PBXBuildFile; fileRef = 42475EDA1F6E3C34000BBA2F /* LaunchScreen.storyboard */; };
		42475EE41F6E3E36000BBA2F /* UIButtonExtension.swift in Sources */ = {isa = PBXBuildFile; fileRef = 42475EE31F6E3E36000BBA2F /* UIButtonExtension.swift */; };
		42475EE61F6E3F03000BBA2F /* Helpers.swift in Sources */ = {isa = PBXBuildFile; fileRef = 42475EE51F6E3F03000BBA2F /* Helpers.swift */; };
/* End PBXBuildFile section */

/* Begin PBXFileReference section */
		42475ECB1F6E3C34000BBA2F /* Buttons Test.app */ = {isa = PBXFileReference; explicitFileType = wrapper.application; includeInIndex = 0; path = "Buttons Test.app"; sourceTree = BUILT_PRODUCTS_DIR; };
		42475ECE1F6E3C34000BBA2F /* AppDelegate.swift */ = {isa = PBXFileReference; lastKnownFileType = sourcecode.swift; path = AppDelegate.swift; sourceTree = "<group>"; };
		42475ED01F6E3C34000BBA2F /* ViewController.swift */ = {isa = PBXFileReference; lastKnownFileType = sourcecode.swift; path = ViewController.swift; sourceTree = "<group>"; };
		42475ED31F6E3C34000BBA2F /* Base */ = {isa = PBXFileReference; lastKnownFileType = file.storyboard; name = Base; path = Base.lproj/Main.storyboard; sourceTree = "<group>"; };
		42475ED61F6E3C34000BBA2F /* Buttons_Test.xcdatamodel */ = {isa = PBXFileReference; lastKnownFileType = wrapper.xcdatamodel; path = Buttons_Test.xcdatamodel; sourceTree = "<group>"; };
		42475ED81F6E3C34000BBA2F /* Assets.xcassets */ = {isa = PBXFileReference; lastKnownFileType = folder.assetcatalog; path = Assets.xcassets; sourceTree = "<group>"; };
		42475EDB1F6E3C34000BBA2F /* Base */ = {isa = PBXFileReference; lastKnownFileType = file.storyboard; name = Base; path = Base.lproj/LaunchScreen.storyboard; sourceTree = "<group>"; };
		42475EDD1F6E3C34000BBA2F /* Info.plist */ = {isa = PBXFileReference; lastKnownFileType = text.plist.xml; path = Info.plist; sourceTree = "<group>"; };
		42475EE31F6E3E36000BBA2F /* UIButtonExtension.swift */ = {isa = PBXFileReference; lastKnownFileType = sourcecode.swift; path = UIButtonExtension.swift; sourceTree = "<group>"; };
		42475EE51F6E3F03000BBA2F /* Helpers.swift */ = {isa = PBXFileReference; lastKnownFileType = sourcecode.swift; path = Helpers.swift; sourceTree = "<group>"; };
/* End PBXFileReference section */

/* Begin PBXFrameworksBuildPhase section */
		42475EC81F6E3C34000BBA2F /* Frameworks */ = {
			isa = PBXFrameworksBuildPhase;
			buildActionMask = 2147483647;
			files = (
			);
			runOnlyForDeploymentPostprocessing = 0;
		};
/* End PBXFrameworksBuildPhase section */

/* Begin PBXGroup section */
		42475EC21F6E3C34000BBA2F = {
			isa = PBXGroup;
			children = (
				42475ECD1F6E3C34000BBA2F /* Buttons Test */,
				42475ECC1F6E3C34000BBA2F /* Products */,
			);
			sourceTree = "<group>";
		};
		42475ECC1F6E3C34000BBA2F /* Products */ = {
			isa = PBXGroup;
			children = (
				42475ECB1F6E3C34000BBA2F /* Buttons Test.app */,
			);
			name = Products;
			sourceTree = "<group>";
		};
		42475ECD1F6E3C34000BBA2F /* Buttons Test */ = {
			isa = PBXGroup;
			children = (
				42475ECE1F6E3C34000BBA2F /* AppDelegate.swift */,
				42475ED01F6E3C34000BBA2F /* ViewController.swift */,
				42475ED21F6E3C34000BBA2F /* Main.storyboard */,
				42475ED81F6E3C34000BBA2F /* Assets.xcassets */,
				42475EDA1F6E3C34000BBA2F /* LaunchScreen.storyboard */,
				42475EDD1F6E3C34000BBA2F /* Info.plist */,
				42475ED51F6E3C34000BBA2F /* Buttons_Test.xcdatamodeld */,
				42475EE31F6E3E36000BBA2F /* UIButtonExtension.swift */,
				42475EE51F6E3F03000BBA2F /* Helpers.swift */,
			);
			path = "Buttons Test";
			sourceTree = "<group>";
		};
/* End PBXGroup section */

/* Begin PBXNativeTarget section */
		42475ECA1F6E3C34000BBA2F /* Buttons Test */ = {
			isa = PBXNativeTarget;
			buildConfigurationList = 42475EE01F6E3C34000BBA2F /* Build configuration list for PBXNativeTarget "Buttons Test" */;
			buildPhases = (
				42475EC71F6E3C34000BBA2F /* Sources */,
				42475EC81F6E3C34000BBA2F /* Frameworks */,
				42475EC91F6E3C34000BBA2F /* Resources */,
			);
			buildRules = (
			);
			dependencies = (
			);
			name = "Buttons Test";
			productName = "Buttons Test";
			productReference = 42475ECB1F6E3C34000BBA2F /* Buttons Test.app */;
			productType = "com.apple.product-type.application";
		};
/* End PBXNativeTarget section */

/* Begin PBXProject section */
		42475EC31F6E3C34000BBA2F /* Project object */ = {
			isa = PBXProject;
			attributes = {
				LastSwiftUpdateCheck = 0900;
				LastUpgradeCheck = 0900;
				ORGANIZATIONNAME = "Joshua Dance";
				TargetAttributes = {
					42475ECA1F6E3C34000BBA2F = {
						CreatedOnToolsVersion = 9.0;
						ProvisioningStyle = Automatic;
					};
				};
			};
			buildConfigurationList = 42475EC61F6E3C34000BBA2F /* Build configuration list for PBXProject "Buttons Test" */;
			compatibilityVersion = "Xcode 8.0";
			developmentRegion = en;
			hasScannedForEncodings = 0;
			knownRegions = (
				en,
				Base,
			);
			mainGroup = 42475EC21F6E3C34000BBA2F;
			productRefGroup = 42475ECC1F6E3C34000BBA2F /* Products */;
			projectDirPath = "";
			projectRoot = "";
			targets = (
				42475ECA1F6E3C34000BBA2F /* Buttons Test */,
			);
		};
/* End PBXProject section */

/* Begin PBXResourcesBuildPhase section */
		42475EC91F6E3C34000BBA2F /* Resources */ = {
			isa = PBXResourcesBuildPhase;
			buildActionMask = 2147483647;
			files = (
				42475EDC1F6E3C34000BBA2F /* LaunchScreen.storyboard in Resources */,
				42475ED91F6E3C34000BBA2F /* Assets.xcassets in Resources */,
				42475ED41F6E3C34000BBA2F /* Main.storyboard in Resources */,
			);
			runOnlyForDeploymentPostprocessing = 0;
		};
/* End PBXResourcesBuildPhase section */

/* Begin PBXSourcesBuildPhase section */
		42475EC71F6E3C34000BBA2F /* Sources */ = {
			isa = PBXSourcesBuildPhase;
			buildActionMask = 2147483647;
			files = (
				42475ED11F6E3C34000BBA2F /* ViewController.swift in Sources */,
				42475EE41F6E3E36000BBA2F /* UIButtonExtension.swift in Sources */,
				42475ED71F6E3C34000BBA2F /* Buttons_Test.xcdatamodeld in Sources */,
				42475EE61F6E3F03000BBA2F /* Helpers.swift in Sources */,
				42475ECF1F6E3C34000BBA2F /* AppDelegate.swift in Sources */,
			);
			runOnlyForDeploymentPostprocessing = 0;
		};
/* End PBXSourcesBuildPhase section */

/* Begin PBXVariantGroup section */
		42475ED21F6E3C34000BBA2F /* Main.storyboard */ = {
			isa = PBXVariantGroup;
			children = (
				42475ED31F6E3C34000BBA2F /* Base */,
			);
			name = Main.storyboard;
			sourceTree = "<group>";
		};
		42475EDA1F6E3C34000BBA2F /* LaunchScreen.storyboard */ = {
			isa = PBXVariantGroup;
			children = (
				42475EDB1F6E3C34000BBA2F /* Base */,
			);
			name = LaunchScreen.storyboard;
			sourceTree = "<group>";
		};
/* End PBXVariantGroup section */

/* Begin XCBuildConfiguration section */
		42475EDE1F6E3C34000BBA2F /* Debug */ = {
			isa = XCBuildConfiguration;
			buildSettings = {
				ALWAYS_SEARCH_USER_PATHS = NO;
				CLANG_ANALYZER_NONNULL = YES;
				CLANG_ANALYZER_NUMBER_OBJECT_CONVERSION = YES_AGGRESSIVE;
				CLANG_CXX_LANGUAGE_STANDARD = "gnu++14";
				CLANG_CXX_LIBRARY = "libc++";
				CLANG_ENABLE_MODULES = YES;
				CLANG_ENABLE_OBJC_ARC = YES;
				CLANG_WARN_BLOCK_CAPTURE_AUTORELEASING = YES;
				CLANG_WARN_BOOL_CONVERSION = YES;
				CLANG_WARN_COMMA = YES;
				CLANG_WARN_CONSTANT_CONVERSION = YES;
				CLANG_WARN_DIRECT_OBJC_ISA_USAGE = YES_ERROR;
				CLANG_WARN_DOCUMENTATION_COMMENTS = YES;
				CLANG_WARN_EMPTY_BODY = YES;
				CLANG_WARN_ENUM_CONVERSION = YES;
				CLANG_WARN_INFINITE_RECURSION = YES;
				CLANG_WARN_INT_CONVERSION = YES;
				CLANG_WARN_NON_LITERAL_NULL_CONVERSION = YES;
				CLANG_WARN_OBJC_LITERAL_CONVERSION = YES;
				CLANG_WARN_OBJC_ROOT_CLASS = YES_ERROR;
				CLANG_WARN_RANGE_LOOP_ANALYSIS = YES;
				CLANG_WARN_STRICT_PROTOTYPES = YES;
				CLANG_WARN_SUSPICIOUS_MOVE = YES;
				CLANG_WARN_UNGUARDED_AVAILABILITY = YES_AGGRESSIVE;
				CLANG_WARN_UNREACHABLE_CODE = YES;
				CLANG_WARN__DUPLICATE_METHOD_MATCH = YES;
				CODE_SIGN_IDENTITY = "iPhone Developer";
				COPY_PHASE_STRIP = NO;
				DEBUG_INFORMATION_FORMAT = dwarf;
				ENABLE_STRICT_OBJC_MSGSEND = YES;
				ENABLE_TESTABILITY = YES;
				GCC_C_LANGUAGE_STANDARD = gnu11;
				GCC_DYNAMIC_NO_PIC = NO;
				GCC_NO_COMMON_BLOCKS = YES;
				GCC_OPTIMIZATION_LEVEL = 0;
				GCC_PREPROCESSOR_DEFINITIONS = (
					"DEBUG=1",
					"$(inherited)",
				);
				GCC_WARN_64_TO_32_BIT_CONVERSION = YES;
				GCC_WARN_ABOUT_RETURN_TYPE = YES_ERROR;
				GCC_WARN_UNDECLARED_SELECTOR = YES;
				GCC_WARN_UNINITIALIZED_AUTOS = YES_AGGRESSIVE;
				GCC_WARN_UNUSED_FUNCTION = YES;
				GCC_WARN_UNUSED_VARIABLE = YES;
				IPHONEOS_DEPLOYMENT_TARGET = 11.0;
				MTL_ENABLE_DEBUG_INFO = YES;
				ONLY_ACTIVE_ARCH = YES;
				SDKROOT = iphoneos;
				SWIFT_ACTIVE_COMPILATION_CONDITIONS = DEBUG;
				SWIFT_OPTIMIZATION_LEVEL = "-Onone";
			};
			name = Debug;
		};
		42475EDF1F6E3C34000BBA2F /* Release */ = {
			isa = XCBuildConfiguration;
			buildSettings = {
				ALWAYS_SEARCH_USER_PATHS = NO;
				CLANG_ANALYZER_NONNULL = YES;
				CLANG_ANALYZER_NUMBER_OBJECT_CONVERSION = YES_AGGRESSIVE;
				CLANG_CXX_LANGUAGE_STANDARD = "gnu++14";
				CLANG_CXX_LIBRARY = "libc++";
				CLANG_ENABLE_MODULES = YES;
				CLANG_ENABLE_OBJC_ARC = YES;
				CLANG_WARN_BLOCK_CAPTURE_AUTORELEASING = YES;
				CLANG_WARN_BOOL_CONVERSION = YES;
				CLANG_WARN_COMMA = YES;
				CLANG_WARN_CONSTANT_CONVERSION = YES;
				CLANG_WARN_DIRECT_OBJC_ISA_USAGE = YES_ERROR;
				CLANG_WARN_DOCUMENTATION_COMMENTS = YES;
				CLANG_WARN_EMPTY_BODY = YES;
				CLANG_WARN_ENUM_CONVERSION = YES;
				CLANG_WARN_INFINITE_RECURSION = YES;
				CLANG_WARN_INT_CONVERSION = YES;
				CLANG_WARN_NON_LITERAL_NULL_CONVERSION = YES;
				CLANG_WARN_OBJC_LITERAL_CONVERSION = YES;
				CLANG_WARN_OBJC_ROOT_CLASS = YES_ERROR;
				CLANG_WARN_RANGE_LOOP_ANALYSIS = YES;
				CLANG_WARN_STRICT_PROTOTYPES = YES;
				CLANG_WARN_SUSPICIOUS_MOVE = YES;
				CLANG_WARN_UNGUARDED_AVAILABILITY = YES_AGGRESSIVE;
				CLANG_WARN_UNREACHABLE_CODE = YES;
				CLANG_WARN__DUPLICATE_METHOD_MATCH = YES;
				CODE_SIGN_IDENTITY = "iPhone Developer";
				COPY_PHASE_STRIP = NO;
				DEBUG_INFORMATION_FORMAT = "dwarf-with-dsym";
				ENABLE_NS_ASSERTIONS = NO;
				ENABLE_STRICT_OBJC_MSGSEND = YES;
				GCC_C_LANGUAGE_STANDARD = gnu11;
				GCC_NO_COMMON_BLOCKS = YES;
				GCC_WARN_64_TO_32_BIT_CONVERSION = YES;
				GCC_WARN_ABOUT_RETURN_TYPE = YES_ERROR;
				GCC_WARN_UNDECLARED_SELECTOR = YES;
				GCC_WARN_UNINITIALIZED_AUTOS = YES_AGGRESSIVE;
				GCC_WARN_UNUSED_FUNCTION = YES;
				GCC_WARN_UNUSED_VARIABLE = YES;
				IPHONEOS_DEPLOYMENT_TARGET = 11.0;
				MTL_ENABLE_DEBUG_INFO = NO;
				SDKROOT = iphoneos;
				SWIFT_OPTIMIZATION_LEVEL = "-Owholemodule";
				VALIDATE_PRODUCT = YES;
			};
			name = Release;
		};
		42475EE11F6E3C34000BBA2F /* Debug */ = {
			isa = XCBuildConfiguration;
			buildSettings = {
				ASSETCATALOG_COMPILER_APPICON_NAME = AppIcon;
				CODE_SIGN_STYLE = Automatic;
				DEVELOPMENT_TEAM = 4YEP43V2YP;
				INFOPLIST_FILE = "Buttons Test/Info.plist";
				LD_RUNPATH_SEARCH_PATHS = "$(inherited) @executable_path/Frameworks";
				PRODUCT_BUNDLE_IDENTIFIER = "wild.Buttons-Test";
				PRODUCT_NAME = "$(TARGET_NAME)";
				SWIFT_VERSION = 4.0;
				TARGETED_DEVICE_FAMILY = "1,2";
			};
			name = Debug;
		};
		42475EE21F6E3C34000BBA2F /* Release */ = {
			isa = XCBuildConfiguration;
			buildSettings = {
				ASSETCATALOG_COMPILER_APPICON_NAME = AppIcon;
				CODE_SIGN_STYLE = Automatic;
				DEVELOPMENT_TEAM = 4YEP43V2YP;
				INFOPLIST_FILE = "Buttons Test/Info.plist";
				LD_RUNPATH_SEARCH_PATHS = "$(inherited) @executable_path/Frameworks";
				PRODUCT_BUNDLE_IDENTIFIER = "wild.Buttons-Test";
				PRODUCT_NAME = "$(TARGET_NAME)";
				SWIFT_VERSION = 4.0;
				TARGETED_DEVICE_FAMILY = "1,2";
			};
			name = Release;
		};
/* End XCBuildConfiguration section */

/* Begin XCConfigurationList section */
		42475EC61F6E3C34000BBA2F /* Build configuration list for PBXProject "Buttons Test" */ = {
			isa = XCConfigurationList;
			buildConfigurations = (
				42475EDE1F6E3C34000BBA2F /* Debug */,
				42475EDF1F6E3C34000BBA2F /* Release */,
			);
			defaultConfigurationIsVisible = 0;
			defaultConfigurationName = Release;
		};
		42475EE01F6E3C34000BBA2F /* Build configuration list for PBXNativeTarget "Buttons Test" */ = {
			isa = XCConfigurationList;
			buildConfigurations = (
				42475EE11F6E3C34000BBA2F /* Debug */,
				42475EE21F6E3C34000BBA2F /* Release */,
			);
			defaultConfigurationIsVisible = 0;
			defaultConfigurationName = Release;
		};
/* End XCConfigurationList section */

/* Begin XCVersionGroup section */
		42475ED51F6E3C34000BBA2F /* Buttons_Test.xcdatamodeld */ = {
			isa = XCVersionGroup;
			children = (
				42475ED61F6E3C34000BBA2F /* Buttons_Test.xcdatamodel */,
			);
			currentVersion = 42475ED61F6E3C34000BBA2F /* Buttons_Test.xcdatamodel */;
			path = Buttons_Test.xcdatamodeld;
			sourceTree = "<group>";
			versionGroupType = wrapper.xcdatamodel;
		};
/* End XCVersionGroup section */
	};
	rootObject = 42475EC31F6E3C34000BBA2F /* Project object */;
}
